{
  "requires": true,
  "lockfileVersion": 1,
  "dependencies": {
    "react-bootstrap-carousel": {
      "version": "4.1.1",
      "resolved": "https://registry.npmjs.org/react-bootstrap-carousel/-/react-bootstrap-carousel-4.1.1.tgz",
      "integrity": "sha512-nlkmx33jclOfEi1lAfFRRiDO5F2u4D03dbIhvrFPiUoiKgkMngeSZMFg6gY/sQPAhv3pQqhti5evoVgZMFaV2g=="
    }
  }
}
